
Microsoft Visual Studio Solution File, Format Version 12.00
# Visual Studio Version 17
VisualStudioVersion = 17.14.36804.6 d17.14
MinimumVisualStudioVersion = 10.0.40219.1
Project("{FAE04EC0-301F-11D3-BF4B-00C04F79EFBC}") = "QACG", "QACG\QACG.csproj", "{E68C5891-4CA6-4086-BD05-9B278F7B1F5C}"
EndProject
Global
	GlobalSection(SolutionConfigurationPlatforms) = preSolution
		Debug|Any CPU = Debug|Any CPU
		Release|Any CPU = Release|Any CPU
	EndGlobalSection
	GlobalSection(ProjectConfigurationPlatforms) = postSolution
		{E68C5891-4CA6-4086-BD05-9B278F7B1F5C}.Debug|Any CPU.ActiveCfg = Debug|Any CPU
		{E68C5891-4CA6-4086-BD05-9B278F7B1F5C}.Debug|Any CPU.Build.0 = Debug|Any CPU
		{E68C5891-4CA6-4086-BD05-9B278F7B1F5C}.Release|Any CPU.ActiveCfg = Release|Any CPU
		{E68C5891-4CA6-4086-BD05-9B278F7B1F5C}.Release|Any CPU.Build.0 = Release|Any CPU
	EndGlobalSection
	GlobalSection(SolutionProperties) = preSolution
		HideSolutionNode = FALSE
	EndGlobalSection
	GlobalSection(ExtensibilityGlobals) = postSolution
		SolutionGuid = {A521E8FB-2CC4-49F5-9CEA-8A980D1E8D7E}
	EndGlobalSection
EndGlobal
